
Microsoft Visual Studio Solution File, Format Version 12.00
# Visual Studio Version 16
VisualStudioVersion = 16.0.31911.196
MinimumVisualStudioVersion = 10.0.40219.1
Project("{9A19103F-16F7-4668-BE54-9A1E7A4F7556}") = "Exercise1", "Lessons1\Exercise1.csproj", "{EEA3FDCD-0D5E-4EBF-849A-BE67A7CB61D0}"
EndProject
Project("{9A19103F-16F7-4668-BE54-9A1E7A4F7556}") = "Exercise2", "Exercise2\Exercise2.csproj", "{D0F91C1F-65A4-4B4B-82C9-71F1B9949416}"
EndProject
Project("{9A19103F-16F7-4668-BE54-9A1E7A4F7556}") = "Exercise3", "Exercise3\Exercise3.csproj", "{92602A14-0DD7-4D53-9C32-0C698C759385}"
EndProject
Project("{9A19103F-16F7-4668-BE54-9A1E7A4F7556}") = "Exercise5", "Exercise5\Exercise5.csproj", "{9B49DAA5-6BC4-48B5-B9CC-60DA9AA12125}"
EndProject
Project("{9A19103F-16F7-4668-BE54-9A1E7A4F7556}") = "Exercise6", "Exercise6\Exercise6.csproj", "{FF9AE792-5CDE-46F5-A9B8-EFDF562358E5}"
EndProject
Project("{FAE04EC0-301F-11D3-BF4B-00C04F79EFBC}") = "Exercise4", "Exercise4\Exercise4.csproj", "{4063B24F-427B-46DD-9E77-3C095D6C55DF}"
EndProject
Global
	GlobalSection(SolutionConfigurationPlatforms) = preSolution
		Debug|Any CPU = Debug|Any CPU
		Release|Any CPU = Release|Any CPU
	EndGlobalSection
	GlobalSection(ProjectConfigurationPlatforms) = postSolution
		{EEA3FDCD-0D5E-4EBF-849A-BE67A7CB61D0}.Debug|Any CPU.ActiveCfg = Debug|Any CPU
		{EEA3FDCD-0D5E-4EBF-849A-BE67A7CB61D0}.Debug|Any CPU.Build.0 = Debug|Any CPU
		{EEA3FDCD-0D5E-4EBF-849A-BE67A7CB61D0}.Release|Any CPU.ActiveCfg = Release|Any CPU
		{EEA3FDCD-0D5E-4EBF-849A-BE67A7CB61D0}.Release|Any CPU.Build.0 = Release|Any CPU
		{D0F91C1F-65A4-4B4B-82C9-71F1B9949416}.Debug|Any CPU.ActiveCfg = Debug|Any CPU
		{D0F91C1F-65A4-4B4B-82C9-71F1B9949416}.Debug|Any CPU.Build.0 = Debug|Any CPU
		{D0F91C1F-65A4-4B4B-82C9-71F1B9949416}.Release|Any CPU.ActiveCfg = Release|Any CPU
		{D0F91C1F-65A4-4B4B-82C9-71F1B9949416}.Release|Any CPU.Build.0 = Release|Any CPU
		{92602A14-0DD7-4D53-9C32-0C698C759385}.Debug|Any CPU.ActiveCfg = Debug|Any CPU
		{92602A14-0DD7-4D53-9C32-0C698C759385}.Debug|Any CPU.Build.0 = Debug|Any CPU
		{92602A14-0DD7-4D53-9C32-0C698C759385}.Release|Any CPU.ActiveCfg = Release|Any CPU
		{92602A14-0DD7-4D53-9C32-0C698C759385}.Release|Any CPU.Build.0 = Release|Any CPU
		{9B49DAA5-6BC4-48B5-B9CC-60DA9AA12125}.Debug|Any CPU.ActiveCfg = Debug|Any CPU
		{9B49DAA5-6BC4-48B5-B9CC-60DA9AA12125}.Debug|Any CPU.Build.0 = Debug|Any CPU
		{9B49DAA5-6BC4-48B5-B9CC-60DA9AA12125}.Release|Any CPU.ActiveCfg = Release|Any CPU
		{9B49DAA5-6BC4-48B5-B9CC-60DA9AA12125}.Release|Any CPU.Build.0 = Release|Any CPU
		{FF9AE792-5CDE-46F5-A9B8-EFDF562358E5}.Debug|Any CPU.ActiveCfg = Debug|Any CPU
		{FF9AE792-5CDE-46F5-A9B8-EFDF562358E5}.Debug|Any CPU.Build.0 = Debug|Any CPU
		{FF9AE792-5CDE-46F5-A9B8-EFDF562358E5}.Release|Any CPU.ActiveCfg = Release|Any CPU
		{FF9AE792-5CDE-46F5-A9B8-EFDF562358E5}.Release|Any CPU.Build.0 = Release|Any CPU
		{4063B24F-427B-46DD-9E77-3C095D6C55DF}.Debug|Any CPU.ActiveCfg = Debug|Any CPU
		{4063B24F-427B-46DD-9E77-3C095D6C55DF}.Debug|Any CPU.Build.0 = Debug|Any CPU
		{4063B24F-427B-46DD-9E77-3C095D6C55DF}.Release|Any CPU.ActiveCfg = Release|Any CPU
		{4063B24F-427B-46DD-9E77-3C095D6C55DF}.Release|Any CPU.Build.0 = Release|Any CPU
	EndGlobalSection
	GlobalSection(SolutionProperties) = preSolution
		HideSolutionNode = FALSE
	EndGlobalSection
	GlobalSection(ExtensibilityGlobals) = postSolution
		SolutionGuid = {84351C5F-AA6D-4F70-91DA-CE12002F42EC}
	EndGlobalSection
EndGlobal
